
Microsoft Visual Studio Solution File, Format Version 12.00
# Visual Studio Version 16
VisualStudioVersion = 16.0.29709.97
MinimumVisualStudioVersion = 10.0.40219.1
Project("{FAE04EC0-301F-11D3-BF4B-00C04F79EFBC}") = "ArrayBasicOperations", "ArrayBasicOperations\ArrayBasicOperations.csproj", "{12240109-B814-4A3B-A220-6AB0DA8251B2}"
EndProject
Global
	GlobalSection(SolutionConfigurationPlatforms) = preSolution
		Debug|Any CPU = Debug|Any CPU
		Release|Any CPU = Release|Any CPU
	EndGlobalSection
	GlobalSection(ProjectConfigurationPlatforms) = postSolution
		{12240109-B814-4A3B-A220-6AB0DA8251B2}.Debug|Any CPU.ActiveCfg = Debug|Any CPU
		{12240109-B814-4A3B-A220-6AB0DA8251B2}.Debug|Any CPU.Build.0 = Debug|Any CPU
		{12240109-B814-4A3B-A220-6AB0DA8251B2}.Release|Any CPU.ActiveCfg = Release|Any CPU
		{12240109-B814-4A3B-A220-6AB0DA8251B2}.Release|Any CPU.Build.0 = Release|Any CPU
	EndGlobalSection
	GlobalSection(SolutionProperties) = preSolution
		HideSolutionNode = FALSE
	EndGlobalSection
	GlobalSection(ExtensibilityGlobals) = postSolution
		SolutionGuid = {AD043049-3E10-466B-B999-027CD53E1937}
	EndGlobalSection
EndGlobal
